
Microsoft Visual Studio Solution File, Format Version 12.00
# Visual Studio 15
VisualStudioVersion = 15.0.27004.2005
MinimumVisualStudioVersion = 15.0.26124.0
Project("{9A19103F-16F7-4668-BE54-9A1E7A4F7556}") = "NetCoreCQRS", "NetCoreCQRS\NetCoreCQRS.csproj", "{2E5940D2-3088-4B35-9E9B-9C50ABC8DFA9}"
EndProject
Project("{9A19103F-16F7-4668-BE54-9A1E7A4F7556}") = "NetCoreDataAccess", "NetCoreDataAccess\NetCoreDataAccess.csproj", "{29908CDD-7400-44EF-A4F1-EF5D200799C0}"
EndProject
Project("{9A19103F-16F7-4668-BE54-9A1E7A4F7556}") = "NetCoreDI", "NetCoreDI\NetCoreDI.csproj", "{46FA6931-A918-41A1-B2B5-10ECBF67E1B4}"
EndProject
Project("{2150E333-8FDC-42A3-9474-1A3956D46DE8}") = ".tests", ".tests", "{CF4C5239-2C1B-4560-B449-B42E36D78270}"
EndProject
Project("{9A19103F-16F7-4668-BE54-9A1E7A4F7556}") = "NetCoreTests", "Tests\NetCoreTests\NetCoreTests.csproj", "{DA606C63-C018-48D8-A414-66373AE101DD}"
EndProject
Project("{9A19103F-16F7-4668-BE54-9A1E7A4F7556}") = "NetCoreDataBus", "NetCoreDataBus\NetCoreDataBus.csproj", "{DCF8FC4E-FB1F-4924-A0BA-9F32EEE05DA2}"
EndProject
Project("{9A19103F-16F7-4668-BE54-9A1E7A4F7556}") = "NetCoreDataCache", "NetCoreDataCache\NetCoreDataCache.csproj", "{9EEB9407-F724-497F-9B24-BD8ECC1E6B22}"
EndProject
Project("{9A19103F-16F7-4668-BE54-9A1E7A4F7556}") = "NetCoreHttpClient", "NetCoreHttpClient\NetCoreHttpClient.csproj", "{64F2FC7B-0DA3-4F9E-A04F-04B05625D4F7}"
EndProject
Project("{2150E333-8FDC-42A3-9474-1A3956D46DE8}") = ".tests_netCoreHttpClient", ".tests_netCoreHttpClient", "{1324C86C-8609-4AD3-88FF-AC7E958B4CDF}"
EndProject
Project("{9A19103F-16F7-4668-BE54-9A1E7A4F7556}") = "NetCoreHttpClient.Test.Api", "TestNetCoreHttpClient\NetCoreHttpClient.Test.Api\NetCoreHttpClient.Test.Api.csproj", "{19D5D0EB-BCC0-4B51-AAEA-901BA948B8AD}"
EndProject
Project("{9A19103F-16F7-4668-BE54-9A1E7A4F7556}") = "NetCoreDataAccessSpecification", "NetCoreDataAccessSpecification\NetCoreDataAccessSpecification.csproj", "{837DF079-D9FB-4B7B-A017-3BA60B90DF62}"
EndProject
Project("{9A19103F-16F7-4668-BE54-9A1E7A4F7556}") = "NetCoreDomain", "NetCoreDomain\NetCoreDomain.csproj", "{3A6BF4A4-6A4B-4E83-B98B-CE91E2CFC2F7}"
EndProject
Project("{9A19103F-16F7-4668-BE54-9A1E7A4F7556}") = "NetCoreLocalization", "NetCoreLocalization\NetCoreLocalization.csproj", "{FB6D7529-3C53-449F-9A60-3FACC16DCCF9}"
EndProject
Project("{FAE04EC0-301F-11D3-BF4B-00C04F79EFBC}") = "NetCoreDataAccessTests", "Tests\NetCoreDataAccessTests\NetCoreDataAccessTests.csproj", "{5A1F77BA-6DC9-4066-ACA2-F8D8C2C7F68B}"
EndProject
Global
	GlobalSection(SolutionConfigurationPlatforms) = preSolution
		Debug|Any CPU = Debug|Any CPU
		Debug|x64 = Debug|x64
		Debug|x86 = Debug|x86
		Release|Any CPU = Release|Any CPU
		Release|x64 = Release|x64
		Release|x86 = Release|x86
	EndGlobalSection
	GlobalSection(ProjectConfigurationPlatforms) = postSolution
		{2E5940D2-3088-4B35-9E9B-9C50ABC8DFA9}.Debug|Any CPU.ActiveCfg = Debug|Any CPU
		{2E5940D2-3088-4B35-9E9B-9C50ABC8DFA9}.Debug|Any CPU.Build.0 = Debug|Any CPU
		{2E5940D2-3088-4B35-9E9B-9C50ABC8DFA9}.Debug|x64.ActiveCfg = Debug|Any CPU
		{2E5940D2-3088-4B35-9E9B-9C50ABC8DFA9}.Debug|x64.Build.0 = Debug|Any CPU
		{2E5940D2-3088-4B35-9E9B-9C50ABC8DFA9}.Debug|x86.ActiveCfg = Debug|Any CPU
		{2E5940D2-3088-4B35-9E9B-9C50ABC8DFA9}.Debug|x86.Build.0 = Debug|Any CPU
		{2E5940D2-3088-4B35-9E9B-9C50ABC8DFA9}.Release|Any CPU.ActiveCfg = Release|Any CPU
		{2E5940D2-3088-4B35-9E9B-9C50ABC8DFA9}.Release|Any CPU.Build.0 = Release|Any CPU
		{2E5940D2-3088-4B35-9E9B-9C50ABC8DFA9}.Release|x64.ActiveCfg = Release|Any CPU
		{2E5940D2-3088-4B35-9E9B-9C50ABC8DFA9}.Release|x64.Build.0 = Release|Any CPU
		{2E5940D2-3088-4B35-9E9B-9C50ABC8DFA9}.Release|x86.ActiveCfg = Release|Any CPU
		{2E5940D2-3088-4B35-9E9B-9C50ABC8DFA9}.Release|x86.Build.0 = Release|Any CPU
		{29908CDD-7400-44EF-A4F1-EF5D200799C0}.Debug|Any CPU.ActiveCfg = Debug|Any CPU
		{29908CDD-7400-44EF-A4F1-EF5D200799C0}.Debug|Any CPU.Build.0 = Debug|Any CPU
		{29908CDD-7400-44EF-A4F1-EF5D200799C0}.Debug|x64.ActiveCfg = Debug|Any CPU
		{29908CDD-7400-44EF-A4F1-EF5D200799C0}.Debug|x64.Build.0 = Debug|Any CPU
		{29908CDD-7400-44EF-A4F1-EF5D200799C0}.Debug|x86.ActiveCfg = Debug|Any CPU
		{29908CDD-7400-44EF-A4F1-EF5D200799C0}.Debug|x86.Build.0 = Debug|Any CPU
		{29908CDD-7400-44EF-A4F1-EF5D200799C0}.Release|Any CPU.ActiveCfg = Release|Any CPU
		{29908CDD-7400-44EF-A4F1-EF5D200799C0}.Release|Any CPU.Build.0 = Release|Any CPU
		{29908CDD-7400-44EF-A4F1-EF5D200799C0}.Release|x64.ActiveCfg = Release|Any CPU
		{29908CDD-7400-44EF-A4F1-EF5D200799C0}.Release|x64.Build.0 = Release|Any CPU
		{29908CDD-7400-44EF-A4F1-EF5D200799C0}.Release|x86.ActiveCfg = Release|Any CPU
		{29908CDD-7400-44EF-A4F1-EF5D200799C0}.Release|x86.Build.0 = Release|Any CPU
		{46FA6931-A918-41A1-B2B5-10ECBF67E1B4}.Debug|Any CPU.ActiveCfg = Debug|Any CPU
		{46FA6931-A918-41A1-B2B5-10ECBF67E1B4}.Debug|Any CPU.Build.0 = Debug|Any CPU
		{46FA6931-A918-41A1-B2B5-10ECBF67E1B4}.Debug|x64.ActiveCfg = Debug|Any CPU
		{46FA6931-A918-41A1-B2B5-10ECBF67E1B4}.Debug|x64.Build.0 = Debug|Any CPU
		{46FA6931-A918-41A1-B2B5-10ECBF67E1B4}.Debug|x86.ActiveCfg = Debug|Any CPU
		{46FA6931-A918-41A1-B2B5-10ECBF67E1B4}.Debug|x86.Build.0 = Debug|Any CPU
		{46FA6931-A918-41A1-B2B5-10ECBF67E1B4}.Release|Any CPU.ActiveCfg = Release|Any CPU
		{46FA6931-A918-41A1-B2B5-10ECBF67E1B4}.Release|Any CPU.Build.0 = Release|Any CPU
		{46FA6931-A918-41A1-B2B5-10ECBF67E1B4}.Release|x64.ActiveCfg = Release|Any CPU
		{46FA6931-A918-41A1-B2B5-10ECBF67E1B4}.Release|x64.Build.0 = Release|Any CPU
		{46FA6931-A918-41A1-B2B5-10ECBF67E1B4}.Release|x86.ActiveCfg = Release|Any CPU
		{46FA6931-A918-41A1-B2B5-10ECBF67E1B4}.Release|x86.Build.0 = Release|Any CPU
		{DA606C63-C018-48D8-A414-66373AE101DD}.Debug|Any CPU.ActiveCfg = Debug|Any CPU
		{DA606C63-C018-48D8-A414-66373AE101DD}.Debug|Any CPU.Build.0 = Debug|Any CPU
		{DA606C63-C018-48D8-A414-66373AE101DD}.Debug|x64.ActiveCfg = Debug|Any CPU
		{DA606C63-C018-48D8-A414-66373AE101DD}.Debug|x64.Build.0 = Debug|Any CPU
		{DA606C63-C018-48D8-A414-66373AE101DD}.Debug|x86.ActiveCfg = Debug|Any CPU
		{DA606C63-C018-48D8-A414-66373AE101DD}.Debug|x86.Build.0 = Debug|Any CPU
		{DA606C63-C018-48D8-A414-66373AE101DD}.Release|Any CPU.ActiveCfg = Release|Any CPU
		{DA606C63-C018-48D8-A414-66373AE101DD}.Release|Any CPU.Build.0 = Release|Any CPU
		{DA606C63-C018-48D8-A414-66373AE101DD}.Release|x64.ActiveCfg = Release|Any CPU
		{DA606C63-C018-48D8-A414-66373AE101DD}.Release|x64.Build.0 = Release|Any CPU
		{DA606C63-C018-48D8-A414-66373AE101DD}.Release|x86.ActiveCfg = Release|Any CPU
		{DA606C63-C018-48D8-A414-66373AE101DD}.Release|x86.Build.0 = Release|Any CPU
		{DCF8FC4E-FB1F-4924-A0BA-9F32EEE05DA2}.Debug|Any CPU.ActiveCfg = Debug|Any CPU
		{DCF8FC4E-FB1F-4924-A0BA-9F32EEE05DA2}.Debug|Any CPU.Build.0 = Debug|Any CPU
		{DCF8FC4E-FB1F-4924-A0BA-9F32EEE05DA2}.Debug|x64.ActiveCfg = Debug|Any CPU
		{DCF8FC4E-FB1F-4924-A0BA-9F32EEE05DA2}.Debug|x64.Build.0 = Debug|Any CPU
		{DCF8FC4E-FB1F-4924-A0BA-9F32EEE05DA2}.Debug|x86.ActiveCfg = Debug|Any CPU
		{DCF8FC4E-FB1F-4924-A0BA-9F32EEE05DA2}.Debug|x86.Build.0 = Debug|Any CPU
		{DCF8FC4E-FB1F-4924-A0BA-9F32EEE05DA2}.Release|Any CPU.ActiveCfg = Release|Any CPU
		{DCF8FC4E-FB1F-4924-A0BA-9F32EEE05DA2}.Release|Any CPU.Build.0 = Release|Any CPU
		{DCF8FC4E-FB1F-4924-A0BA-9F32EEE05DA2}.Release|x64.ActiveCfg = Release|Any CPU
		{DCF8FC4E-FB1F-4924-A0BA-9F32EEE05DA2}.Release|x64.Build.0 = Release|Any CPU
		{DCF8FC4E-FB1F-4924-A0BA-9F32EEE05DA2}.Release|x86.ActiveCfg = Release|Any CPU
		{DCF8FC4E-FB1F-4924-A0BA-9F32EEE05DA2}.Release|x86.Build.0 = Release|Any CPU
		{9EEB9407-F724-497F-9B24-BD8ECC1E6B22}.Debug|Any CPU.ActiveCfg = Debug|Any CPU
		{9EEB9407-F724-497F-9B24-BD8ECC1E6B22}.Debug|Any CPU.Build.0 = Debug|Any CPU
		{9EEB9407-F724-497F-9B24-BD8ECC1E6B22}.Debug|x64.ActiveCfg = Debug|Any CPU
		{9EEB9407-F724-497F-9B24-BD8ECC1E6B22}.Debug|x64.Build.0 = Debug|Any CPU
		{9EEB9407-F724-497F-9B24-BD8ECC1E6B22}.Debug|x86.ActiveCfg = Debug|Any CPU
		{9EEB9407-F724-497F-9B24-BD8ECC1E6B22}.Debug|x86.Build.0 = Debug|Any CPU
		{9EEB9407-F724-497F-9B24-BD8ECC1E6B22}.Release|Any CPU.ActiveCfg = Release|Any CPU
		{9EEB9407-F724-497F-9B24-BD8ECC1E6B22}.Release|Any CPU.Build.0 = Release|Any CPU
		{9EEB9407-F724-497F-9B24-BD8ECC1E6B22}.Release|x64.ActiveCfg = Release|Any CPU
		{9EEB9407-F724-497F-9B24-BD8ECC1E6B22}.Release|x64.Build.0 = Release|Any CPU
		{9EEB9407-F724-497F-9B24-BD8ECC1E6B22}.Release|x86.ActiveCfg = Release|Any CPU
		{9EEB9407-F724-497F-9B24-BD8ECC1E6B22}.Release|x86.Build.0 = Release|Any CPU
		{64F2FC7B-0DA3-4F9E-A04F-04B05625D4F7}.Debug|Any CPU.ActiveCfg = Debug|Any CPU
		{64F2FC7B-0DA3-4F9E-A04F-04B05625D4F7}.Debug|Any CPU.Build.0 = Debug|Any CPU
		{64F2FC7B-0DA3-4F9E-A04F-04B05625D4F7}.Debug|x64.ActiveCfg = Debug|Any CPU
		{64F2FC7B-0DA3-4F9E-A04F-04B05625D4F7}.Debug|x64.Build.0 = Debug|Any CPU
		{64F2FC7B-0DA3-4F9E-A04F-04B05625D4F7}.Debug|x86.ActiveCfg = Debug|Any CPU
		{64F2FC7B-0DA3-4F9E-A04F-04B05625D4F7}.Debug|x86.Build.0 = Debug|Any CPU
		{64F2FC7B-0DA3-4F9E-A04F-04B05625D4F7}.Release|Any CPU.ActiveCfg = Release|Any CPU
		{64F2FC7B-0DA3-4F9E-A04F-04B05625D4F7}.Release|Any CPU.Build.0 = Release|Any CPU
		{64F2FC7B-0DA3-4F9E-A04F-04B05625D4F7}.Release|x64.ActiveCfg = Release|Any CPU
		{64F2FC7B-0DA3-4F9E-A04F-04B05625D4F7}.Release|x64.Build.0 = Release|Any CPU
		{64F2FC7B-0DA3-4F9E-A04F-04B05625D4F7}.Release|x86.ActiveCfg = Release|Any CPU
		{64F2FC7B-0DA3-4F9E-A04F-04B05625D4F7}.Release|x86.Build.0 = Release|Any CPU
		{19D5D0EB-BCC0-4B51-AAEA-901BA948B8AD}.Debug|Any CPU.ActiveCfg = Debug|Any CPU
		{19D5D0EB-BCC0-4B51-AAEA-901BA948B8AD}.Debug|Any CPU.Build.0 = Debug|Any CPU
		{19D5D0EB-BCC0-4B51-AAEA-901BA948B8AD}.Debug|x64.ActiveCfg = Debug|Any CPU
		{19D5D0EB-BCC0-4B51-AAEA-901BA948B8AD}.Debug|x64.Build.0 = Debug|Any CPU
		{19D5D0EB-BCC0-4B51-AAEA-901BA948B8AD}.Debug|x86.ActiveCfg = Debug|Any CPU
		{19D5D0EB-BCC0-4B51-AAEA-901BA948B8AD}.Debug|x86.Build.0 = Debug|Any CPU
		{19D5D0EB-BCC0-4B51-AAEA-901BA948B8AD}.Release|Any CPU.ActiveCfg = Release|Any CPU
		{19D5D0EB-BCC0-4B51-AAEA-901BA948B8AD}.Release|Any CPU.Build.0 = Release|Any CPU
		{19D5D0EB-BCC0-4B51-AAEA-901BA948B8AD}.Release|x64.ActiveCfg = Release|Any CPU
		{19D5D0EB-BCC0-4B51-AAEA-901BA948B8AD}.Release|x64.Build.0 = Release|Any CPU
		{19D5D0EB-BCC0-4B51-AAEA-901BA948B8AD}.Release|x86.ActiveCfg = Release|Any CPU
		{19D5D0EB-BCC0-4B51-AAEA-901BA948B8AD}.Release|x86.Build.0 = Release|Any CPU
		{837DF079-D9FB-4B7B-A017-3BA60B90DF62}.Debug|Any CPU.ActiveCfg = Debug|Any CPU
		{837DF079-D9FB-4B7B-A017-3BA60B90DF62}.Debug|Any CPU.Build.0 = Debug|Any CPU
		{837DF079-D9FB-4B7B-A017-3BA60B90DF62}.Debug|x64.ActiveCfg = Debug|Any CPU
		{837DF079-D9FB-4B7B-A017-3BA60B90DF62}.Debug|x64.Build.0 = Debug|Any CPU
		{837DF079-D9FB-4B7B-A017-3BA60B90DF62}.Debug|x86.ActiveCfg = Debug|Any CPU
		{837DF079-D9FB-4B7B-A017-3BA60B90DF62}.Debug|x86.Build.0 = Debug|Any CPU
		{837DF079-D9FB-4B7B-A017-3BA60B90DF62}.Release|Any CPU.ActiveCfg = Release|Any CPU
		{837DF079-D9FB-4B7B-A017-3BA60B90DF62}.Release|Any CPU.Build.0 = Release|Any CPU
		{837DF079-D9FB-4B7B-A017-3BA60B90DF62}.Release|x64.ActiveCfg = Release|Any CPU
		{837DF079-D9FB-4B7B-A017-3BA60B90DF62}.Release|x64.Build.0 = Release|Any CPU
		{837DF079-D9FB-4B7B-A017-3BA60B90DF62}.Release|x86.ActiveCfg = Release|Any CPU
		{837DF079-D9FB-4B7B-A017-3BA60B90DF62}.Release|x86.Build.0 = Release|Any CPU
		{3A6BF4A4-6A4B-4E83-B98B-CE91E2CFC2F7}.Debug|Any CPU.ActiveCfg = Debug|Any CPU
		{3A6BF4A4-6A4B-4E83-B98B-CE91E2CFC2F7}.Debug|Any CPU.Build.0 = Debug|Any CPU
		{3A6BF4A4-6A4B-4E83-B98B-CE91E2CFC2F7}.Debug|x64.ActiveCfg = Debug|Any CPU
		{3A6BF4A4-6A4B-4E83-B98B-CE91E2CFC2F7}.Debug|x64.Build.0 = Debug|Any CPU
		{3A6BF4A4-6A4B-4E83-B98B-CE91E2CFC2F7}.Debug|x86.ActiveCfg = Debug|Any CPU
		{3A6BF4A4-6A4B-4E83-B98B-CE91E2CFC2F7}.Debug|x86.Build.0 = Debug|Any CPU
		{3A6BF4A4-6A4B-4E83-B98B-CE91E2CFC2F7}.Release|Any CPU.ActiveCfg = Release|Any CPU
		{3A6BF4A4-6A4B-4E83-B98B-CE91E2CFC2F7}.Release|Any CPU.Build.0 = Release|Any CPU
		{3A6BF4A4-6A4B-4E83-B98B-CE91E2CFC2F7}.Release|x64.ActiveCfg = Release|Any CPU
		{3A6BF4A4-6A4B-4E83-B98B-CE91E2CFC2F7}.Release|x64.Build.0 = Release|Any CPU
		{3A6BF4A4-6A4B-4E83-B98B-CE91E2CFC2F7}.Release|x86.ActiveCfg = Release|Any CPU
		{3A6BF4A4-6A4B-4E83-B98B-CE91E2CFC2F7}.Release|x86.Build.0 = Release|Any CPU
		{FB6D7529-3C53-449F-9A60-3FACC16DCCF9}.Debug|Any CPU.ActiveCfg = Debug|Any CPU
		{FB6D7529-3C53-449F-9A60-3FACC16DCCF9}.Debug|Any CPU.Build.0 = Debug|Any CPU
		{FB6D7529-3C53-449F-9A60-3FACC16DCCF9}.Debug|x64.ActiveCfg = Debug|Any CPU
		{FB6D7529-3C53-449F-9A60-3FACC16DCCF9}.Debug|x64.Build.0 = Debug|Any CPU
		{FB6D7529-3C53-449F-9A60-3FACC16DCCF9}.Debug|x86.ActiveCfg = Debug|Any CPU
		{FB6D7529-3C53-449F-9A60-3FACC16DCCF9}.Debug|x86.Build.0 = Debug|Any CPU
		{FB6D7529-3C53-449F-9A60-3FACC16DCCF9}.Release|Any CPU.ActiveCfg = Release|Any CPU
		{FB6D7529-3C53-449F-9A60-3FACC16DCCF9}.Release|Any CPU.Build.0 = Release|Any CPU
		{FB6D7529-3C53-449F-9A60-3FACC16DCCF9}.Release|x64.ActiveCfg = Release|Any CPU
		{FB6D7529-3C53-449F-9A60-3FACC16DCCF9}.Release|x64.Build.0 = Release|Any CPU
		{FB6D7529-3C53-449F-9A60-3FACC16DCCF9}.Release|x86.ActiveCfg = Release|Any CPU
		{FB6D7529-3C53-449F-9A60-3FACC16DCCF9}.Release|x86.Build.0 = Release|Any CPU
		{5A1F77BA-6DC9-4066-ACA2-F8D8C2C7F68B}.Debug|Any CPU.ActiveCfg = Debug|Any CPU
		{5A1F77BA-6DC9-4066-ACA2-F8D8C2C7F68B}.Debug|Any CPU.Build.0 = Debug|Any CPU
		{5A1F77BA-6DC9-4066-ACA2-F8D8C2C7F68B}.Debug|x64.ActiveCfg = Debug|Any CPU
		{5A1F77BA-6DC9-4066-ACA2-F8D8C2C7F68B}.Debug|x64.Build.0 = Debug|Any CPU
		{5A1F77BA-6DC9-4066-ACA2-F8D8C2C7F68B}.Debug|x86.ActiveCfg = Debug|Any CPU
		{5A1F77BA-6DC9-4066-ACA2-F8D8C2C7F68B}.Debug|x86.Build.0 = Debug|Any CPU
		{5A1F77BA-6DC9-4066-ACA2-F8D8C2C7F68B}.Release|Any CPU.ActiveCfg = Release|Any CPU
		{5A1F77BA-6DC9-4066-ACA2-F8D8C2C7F68B}.Release|Any CPU.Build.0 = Release|Any CPU
		{5A1F77BA-6DC9-4066-ACA2-F8D8C2C7F68B}.Release|x64.ActiveCfg = Release|Any CPU
		{5A1F77BA-6DC9-4066-ACA2-F8D8C2C7F68B}.Release|x64.Build.0 = Release|Any CPU
		{5A1F77BA-6DC9-4066-ACA2-F8D8C2C7F68B}.Release|x86.ActiveCfg = Release|Any CPU
		{5A1F77BA-6DC9-4066-ACA2-F8D8C2C7F68B}.Release|x86.Build.0 = Release|Any CPU
	EndGlobalSection
	GlobalSection(SolutionProperties) = preSolution
		HideSolutionNode = FALSE
	EndGlobalSection
	GlobalSection(NestedProjects) = preSolution
		{DA606C63-C018-48D8-A414-66373AE101DD} = {CF4C5239-2C1B-4560-B449-B42E36D78270}
		{19D5D0EB-BCC0-4B51-AAEA-901BA948B8AD} = {1324C86C-8609-4AD3-88FF-AC7E958B4CDF}
		{5A1F77BA-6DC9-4066-ACA2-F8D8C2C7F68B} = {CF4C5239-2C1B-4560-B449-B42E36D78270}
	EndGlobalSection
	GlobalSection(ExtensibilityGlobals) = postSolution
		SolutionGuid = {39FA5F63-83D2-4B61-B1EA-75FD183E018E}
	EndGlobalSection
EndGlobal
